# THIS IS AN AUTOGENERATED FILE. DO NOT EDIT THIS FILE DIRECTLY.
# yarn lockfile v1


"@rails/actiontext@^7.0.4-2":
  version "7.2.100"
  resolved "https://registry.npmjs.org/@rails/actiontext/-/actiontext-7.2.100.tgz"
  integrity sha512-46oDEZdkxpbM/7+3GwSHTRyIkH3LRZRC9OE35rMIt0FcRbjXW+2Q7RL1YYjoy7megqnoCUDZglFISJQxJ/HBZg==
  dependencies:
    "@rails/activestorage" ">= 7.2.0-alpha"

"@rails/activestorage@>= 7.2.0-alpha":
  version "7.2.100"
  resolved "https://registry.npmjs.org/@rails/activestorage/-/activestorage-7.2.100.tgz"
  integrity sha512-gohCilm1E10W51Hc9iT960xX9TP11L5TJ4W1ufs9f3h5Ncsw01S/eHgVUfcdfszqw3G+28Z0MFu999+iSpgdTg==
  dependencies:
    spark-md5 "^3.0.1"

spark-md5@^3.0.1:
  version "3.0.2"
  resolved "https://registry.npmjs.org/spark-md5/-/spark-md5-3.0.2.tgz"
  integrity sha512-wcFzz9cDfbuqe0FZzfi2or1sgyIrsDwmPwfZC4hiNidPdPINjeUwNfv5kldczoEAcjl9Y1L3SM7Uz2PUEQzxQw==

trix@^2.0.0:
  version "2.1.5"
  resolved "https://registry.npmjs.org/trix/-/trix-2.1.5.tgz"
  integrity sha512-5pC4olCp7BwxTC8Joy1Kv33kDvSOApi9Tqf6c8wygqCgeCx9xPP5cxkZEhvKpMV+kjd9gszingd5fZo834+ktw==
